
Microsoft Visual Studio Solution File, Format Version 11.00
# Visual Studio 2010
Project("{888888A0-9F3D-457C-B088-3A5042F75D52}") = "FBXImporterScripts", "FBXImporterScripts.pyproj", "{33AB9C4E-7C2F-4A73-B5E1-2C83621EE264}"
EndProject
Global
	GlobalSection(SolutionConfigurationPlatforms) = preSolution
		Debug|Any CPU = Debug|Any CPU
		Release|Any CPU = Release|Any CPU
	EndGlobalSection
	GlobalSection(ProjectConfigurationPlatforms) = postSolution
		{33AB9C4E-7C2F-4A73-B5E1-2C83621EE264}.Debug|Any CPU.ActiveCfg = Debug|Any CPU
		{33AB9C4E-7C2F-4A73-B5E1-2C83621EE264}.Release|Any CPU.ActiveCfg = Release|Any CPU
	EndGlobalSection
	GlobalSection(SolutionProperties) = preSolution
		HideSolutionNode = FALSE
	EndGlobalSection
EndGlobal
